
Microsoft Visual Studio Solution File, Format Version 12.00
# Visual Studio Version 16
VisualStudioVersion = 16.0.30413.136
MinimumVisualStudioVersion = 10.0.40219.1
Project("{8BC9CEB8-8B4A-11D0-8D11-00A0C91BC942}") = "ProjectRafaelWitty", "ProjectRafaelWitty\ProjectRafaelWitty.vcxproj", "{B76867AA-DDC2-4676-AD52-BBFA7D4A457B}"
EndProject
Global
	GlobalSection(SolutionConfigurationPlatforms) = preSolution
		Debug|x64 = Debug|x64
		Debug|x86 = Debug|x86
		Release|x64 = Release|x64
		Release|x86 = Release|x86
	EndGlobalSection
	GlobalSection(ProjectConfigurationPlatforms) = postSolution
		{B76867AA-DDC2-4676-AD52-BBFA7D4A457B}.Debug|x64.ActiveCfg = Debug|x64
		{B76867AA-DDC2-4676-AD52-BBFA7D4A457B}.Debug|x64.Build.0 = Debug|x64
		{B76867AA-DDC2-4676-AD52-BBFA7D4A457B}.Debug|x86.ActiveCfg = Debug|Win32
		{B76867AA-DDC2-4676-AD52-BBFA7D4A457B}.Debug|x86.Build.0 = Debug|Win32
		{B76867AA-DDC2-4676-AD52-BBFA7D4A457B}.Release|x64.ActiveCfg = Release|x64
		{B76867AA-DDC2-4676-AD52-BBFA7D4A457B}.Release|x64.Build.0 = Release|x64
		{B76867AA-DDC2-4676-AD52-BBFA7D4A457B}.Release|x86.ActiveCfg = Release|Win32
		{B76867AA-DDC2-4676-AD52-BBFA7D4A457B}.Release|x86.Build.0 = Release|Win32
	EndGlobalSection
	GlobalSection(SolutionProperties) = preSolution
		HideSolutionNode = FALSE
	EndGlobalSection
	GlobalSection(ExtensibilityGlobals) = postSolution
		SolutionGuid = {5D3D6B6D-3926-4C9F-B3C3-7036EB1AB8C2}
	EndGlobalSection
EndGlobal
